
Microsoft Visual Studio Solution File, Format Version 12.00
# Visual Studio Version 17
VisualStudioVersion = 17.8.34408.163
MinimumVisualStudioVersion = 10.0.40219.1
Project("{FAE04EC0-301F-11D3-BF4B-00C04F79EFBC}") = "DXApp-Listbox-Veri-Ekleme", "DXApp-Listbox-Veri-Ekleme\DXApp-Listbox-Veri-Ekleme.csproj", "{679F5015-82A8-4B34-BE5A-D25797C58D6D}"
EndProject
Global
	GlobalSection(SolutionConfigurationPlatforms) = preSolution
		Debug|Any CPU = Debug|Any CPU
		Release|Any CPU = Release|Any CPU
	EndGlobalSection
	GlobalSection(ProjectConfigurationPlatforms) = postSolution
		{679F5015-82A8-4B34-BE5A-D25797C58D6D}.Debug|Any CPU.ActiveCfg = Debug|Any CPU
		{679F5015-82A8-4B34-BE5A-D25797C58D6D}.Debug|Any CPU.Build.0 = Debug|Any CPU
		{679F5015-82A8-4B34-BE5A-D25797C58D6D}.Release|Any CPU.ActiveCfg = Release|Any CPU
		{679F5015-82A8-4B34-BE5A-D25797C58D6D}.Release|Any CPU.Build.0 = Release|Any CPU
	EndGlobalSection
	GlobalSection(SolutionProperties) = preSolution
		HideSolutionNode = FALSE
	EndGlobalSection
	GlobalSection(ExtensibilityGlobals) = postSolution
		SolutionGuid = {F5BA0118-1EF5-4297-9C23-CD0BB30701F9}
	EndGlobalSection
EndGlobal
